
Microsoft Visual Studio Solution File, Format Version 12.00
# Visual Studio Version 17
VisualStudioVersion = 17.5.33516.290
MinimumVisualStudioVersion = 10.0.40219.1
Project("{FAE04EC0-301F-11D3-BF4B-00C04F79EFBC}") = "exceptionHandling", "exceptionHandling\exceptionHandling.csproj", "{CC9317F1-599E-46B8-A8D9-9BD9A26EF923}"
EndProject
Global
	GlobalSection(SolutionConfigurationPlatforms) = preSolution
		Debug|Any CPU = Debug|Any CPU
		Release|Any CPU = Release|Any CPU
	EndGlobalSection
	GlobalSection(ProjectConfigurationPlatforms) = postSolution
		{CC9317F1-599E-46B8-A8D9-9BD9A26EF923}.Debug|Any CPU.ActiveCfg = Debug|Any CPU
		{CC9317F1-599E-46B8-A8D9-9BD9A26EF923}.Debug|Any CPU.Build.0 = Debug|Any CPU
		{CC9317F1-599E-46B8-A8D9-9BD9A26EF923}.Release|Any CPU.ActiveCfg = Release|Any CPU
		{CC9317F1-599E-46B8-A8D9-9BD9A26EF923}.Release|Any CPU.Build.0 = Release|Any CPU
	EndGlobalSection
	GlobalSection(SolutionProperties) = preSolution
		HideSolutionNode = FALSE
	EndGlobalSection
	GlobalSection(ExtensibilityGlobals) = postSolution
		SolutionGuid = {2857B319-A13F-460D-9B2C-17B92556362F}
	EndGlobalSection
EndGlobal
